Microsoft Visual Studio Solution File, Format Version 12.00
# Visual Studio Version 16
VisualStudioVersion = 16.0.29911.98
MinimumVisualStudioVersion = 10.0.40219.1
Project("{9A19103F-16F7-4668-BE54-9A1E7A4F7556}") = "Timor.Cms.Web", "src\Timor.Cms.Web\Timor.Cms.Web.csproj", "{DF6C9BEC-7CC6-4C71-B947-C51FE3D8543D}"
EndProject
Project("{9A19103F-16F7-4668-BE54-9A1E7A4F7556}") = "Timor.Cms.Domains", "src\Timor.Cms.Domains\Timor.Cms.Domains.csproj", "{556FFEE1-9098-4776-9CF1-709A938091D0}"
EndProject
Project("{2150E333-8FDC-42A3-9474-1A3956D46DE8}") = "Repository", "Repository", "{89E94202-A5ED-4283-AB7E-339001086B33}"
EndProject
Project("{9A19103F-16F7-4668-BE54-9A1E7A4F7556}") = "Timor.Cms.Repository.MongoDb", "src\Timor.Cms.Repository.MongoDb\Timor.Cms.Repository.MongoDb.csproj", "{B10EB7ED-9177-4F73-8955-258C0309A5AB}"
EndProject
Project("{9A19103F-16F7-4668-BE54-9A1E7A4F7556}") = "Timor.Cms.Service.Tests", "tests\Timor.Cms.Service.Tests\Timor.Cms.Service.Tests.csproj", "{4D0D19AE-2155-48BF-A9F1-FBE62A37F74A}"
EndProject
Project("{9A19103F-16F7-4668-BE54-9A1E7A4F7556}") = "Timor.Cms.Infrastructure", "src\Timor.Cms.Infrastructure\Timor.Cms.Infrastructure.csproj", "{0210C36D-A519-4B67-AEFE-178227127BB8}"
EndProject
Project("{9A19103F-16F7-4668-BE54-9A1E7A4F7556}") = "Timor.Cms.Service", "src\Timor.Cms.Service\Timor.Cms.Service.csproj", "{72628F2B-13A6-4634-9655-43CACC777471}"
EndProject
Project("{9A19103F-16F7-4668-BE54-9A1E7A4F7556}") = "Timor.Cms.Api", "src\Timor.Cms.Api\Timor.Cms.Api.csproj", "{D96E4380-B5CE-47D0-8054-AD78DD5B8126}"
EndProject
Project("{9A19103F-16F7-4668-BE54-9A1E7A4F7556}") = "Timor.Cms.Repository.MongoDb.Tests", "tests\Timor.Cms.Repository.MongoDb.Tests\Timor.Cms.Repository.MongoDb.Tests.csproj", "{9975CCC4-A4EB-42CA-8F8F-B6A4918B4791}"
EndProject
Project("{9A19103F-16F7-4668-BE54-9A1E7A4F7556}") = "Timor.Cms.Dto", "src\Timor.Cms.Dto\Timor.Cms.Dto.csproj", "{32AAB00D-7A33-4274-A748-E21EA9F51F1C}"
EndProject
Project("{9A19103F-16F7-4668-BE54-9A1E7A4F7556}") = "Timor.Cms.Repository.MongoDb.IntegrationTests", "tests\Timor.Cms.Repository.MongoDb.IntegrationTests\Timor.Cms.Repository.MongoDb.IntegrationTests.csproj", "{8915453F-F8DD-455C-9364-FB40A701585B}"
EndProject
Project("{2150E333-8FDC-42A3-9474-1A3956D46DE8}") = "UnitTests", "UnitTests", "{E55E3904-61F6-4EE6-BD77-052A75CA29AA}"
EndProject
Project("{2150E333-8FDC-42A3-9474-1A3956D46DE8}") = "Source", "Source", "{58969587-819F-4E9E-8DB1-2D33640F41E8}"
EndProject
Project("{2150E333-8FDC-42A3-9474-1A3956D46DE8}") = "IntegrationTests", "IntegrationTests", "{3F3A1D1E-71FF-4AC9-9B9D-96419D9FBE59}"
EndProject
Project("{9A19103F-16F7-4668-BE54-9A1E7A4F7556}") = "Timor.Cms.Test.Infrastructure", "tests\Timor.Cms.Test.Infrastructure\Timor.Cms.Test.Infrastructure.csproj", "{4A352FB6-25B9-444C-A78E-D6ED6F2B9A11}"
EndProject
Project("{2150E333-8FDC-42A3-9474-1A3956D46DE8}") = "MongoDb", "MongoDb", "{CCBCFF65-D500-4956-BE0D-DD48280D5C22}"
EndProject
Project("{FAE04EC0-301F-11D3-BF4B-00C04F79EFBC}") = "Timor.Cms.PersistModels.MongoDb", "src\Timor.Cms.PersistModels.MongoDb\Timor.Cms.PersistModels.MongoDb.csproj", "{77A312F5-B918-4086-BAEE-B8DC3BD4D0EE}"
EndProject
Global
	GlobalSection(SolutionConfigurationPlatforms) = preSolution
		Debug|Any CPU = Debug|Any CPU
		Release|Any CPU = Release|Any CPU
	EndGlobalSection
	GlobalSection(ProjectConfigurationPlatforms) = postSolution
		{DF6C9BEC-7CC6-4C71-B947-C51FE3D8543D}.Debug|Any CPU.ActiveCfg = Debug|Any CPU
		{DF6C9BEC-7CC6-4C71-B947-C51FE3D8543D}.Debug|Any CPU.Build.0 = Debug|Any CPU
		{DF6C9BEC-7CC6-4C71-B947-C51FE3D8543D}.Release|Any CPU.ActiveCfg = Release|Any CPU
		{DF6C9BEC-7CC6-4C71-B947-C51FE3D8543D}.Release|Any CPU.Build.0 = Release|Any CPU
		{556FFEE1-9098-4776-9CF1-709A938091D0}.Debug|Any CPU.ActiveCfg = Debug|Any CPU
		{556FFEE1-9098-4776-9CF1-709A938091D0}.Debug|Any CPU.Build.0 = Debug|Any CPU
		{556FFEE1-9098-4776-9CF1-709A938091D0}.Release|Any CPU.ActiveCfg = Release|Any CPU
		{556FFEE1-9098-4776-9CF1-709A938091D0}.Release|Any CPU.Build.0 = Release|Any CPU
		{B10EB7ED-9177-4F73-8955-258C0309A5AB}.Debug|Any CPU.ActiveCfg = Debug|Any CPU
		{B10EB7ED-9177-4F73-8955-258C0309A5AB}.Debug|Any CPU.Build.0 = Debug|Any CPU
		{B10EB7ED-9177-4F73-8955-258C0309A5AB}.Release|Any CPU.ActiveCfg = Release|Any CPU
		{B10EB7ED-9177-4F73-8955-258C0309A5AB}.Release|Any CPU.Build.0 = Release|Any CPU
		{4D0D19AE-2155-48BF-A9F1-FBE62A37F74A}.Debug|Any CPU.ActiveCfg = Debug|Any CPU
		{4D0D19AE-2155-48BF-A9F1-FBE62A37F74A}.Debug|Any CPU.Build.0 = Debug|Any CPU
		{4D0D19AE-2155-48BF-A9F1-FBE62A37F74A}.Release|Any CPU.ActiveCfg = Release|Any CPU
		{4D0D19AE-2155-48BF-A9F1-FBE62A37F74A}.Release|Any CPU.Build.0 = Release|Any CPU
		{0210C36D-A519-4B67-AEFE-178227127BB8}.Debug|Any CPU.ActiveCfg = Debug|Any CPU
		{0210C36D-A519-4B67-AEFE-178227127BB8}.Debug|Any CPU.Build.0 = Debug|Any CPU
		{0210C36D-A519-4B67-AEFE-178227127BB8}.Release|Any CPU.ActiveCfg = Release|Any CPU
		{0210C36D-A519-4B67-AEFE-178227127BB8}.Release|Any CPU.Build.0 = Release|Any CPU
		{72628F2B-13A6-4634-9655-43CACC777471}.Debug|Any CPU.ActiveCfg = Debug|Any CPU
		{72628F2B-13A6-4634-9655-43CACC777471}.Debug|Any CPU.Build.0 = Debug|Any CPU
		{72628F2B-13A6-4634-9655-43CACC777471}.Release|Any CPU.ActiveCfg = Release|Any CPU
		{72628F2B-13A6-4634-9655-43CACC777471}.Release|Any CPU.Build.0 = Release|Any CPU
		{D96E4380-B5CE-47D0-8054-AD78DD5B8126}.Debug|Any CPU.ActiveCfg = Debug|Any CPU
		{D96E4380-B5CE-47D0-8054-AD78DD5B8126}.Debug|Any CPU.Build.0 = Debug|Any CPU
		{D96E4380-B5CE-47D0-8054-AD78DD5B8126}.Release|Any CPU.ActiveCfg = Release|Any CPU
		{D96E4380-B5CE-47D0-8054-AD78DD5B8126}.Release|Any CPU.Build.0 = Release|Any CPU
		{9975CCC4-A4EB-42CA-8F8F-B6A4918B4791}.Debug|Any CPU.ActiveCfg = Debug|Any CPU
		{9975CCC4-A4EB-42CA-8F8F-B6A4918B4791}.Debug|Any CPU.Build.0 = Debug|Any CPU
		{9975CCC4-A4EB-42CA-8F8F-B6A4918B4791}.Release|Any CPU.ActiveCfg = Release|Any CPU
		{9975CCC4-A4EB-42CA-8F8F-B6A4918B4791}.Release|Any CPU.Build.0 = Release|Any CPU
		{32AAB00D-7A33-4274-A748-E21EA9F51F1C}.Debug|Any CPU.ActiveCfg = Debug|Any CPU
		{32AAB00D-7A33-4274-A748-E21EA9F51F1C}.Debug|Any CPU.Build.0 = Debug|Any CPU
		{32AAB00D-7A33-4274-A748-E21EA9F51F1C}.Release|Any CPU.ActiveCfg = Release|Any CPU
		{32AAB00D-7A33-4274-A748-E21EA9F51F1C}.Release|Any CPU.Build.0 = Release|Any CPU
		{8915453F-F8DD-455C-9364-FB40A701585B}.Debug|Any CPU.ActiveCfg = Debug|Any CPU
		{8915453F-F8DD-455C-9364-FB40A701585B}.Debug|Any CPU.Build.0 = Debug|Any CPU
		{8915453F-F8DD-455C-9364-FB40A701585B}.Release|Any CPU.ActiveCfg = Release|Any CPU
		{8915453F-F8DD-455C-9364-FB40A701585B}.Release|Any CPU.Build.0 = Release|Any CPU
		{4A352FB6-25B9-444C-A78E-D6ED6F2B9A11}.Debug|Any CPU.ActiveCfg = Debug|Any CPU
		{4A352FB6-25B9-444C-A78E-D6ED6F2B9A11}.Debug|Any CPU.Build.0 = Debug|Any CPU
		{4A352FB6-25B9-444C-A78E-D6ED6F2B9A11}.Release|Any CPU.ActiveCfg = Release|Any CPU
		{4A352FB6-25B9-444C-A78E-D6ED6F2B9A11}.Release|Any CPU.Build.0 = Release|Any CPU
		{77A312F5-B918-4086-BAEE-B8DC3BD4D0EE}.Debug|Any CPU.ActiveCfg = Debug|Any CPU
		{77A312F5-B918-4086-BAEE-B8DC3BD4D0EE}.Debug|Any CPU.Build.0 = Debug|Any CPU
		{77A312F5-B918-4086-BAEE-B8DC3BD4D0EE}.Release|Any CPU.ActiveCfg = Release|Any CPU
		{77A312F5-B918-4086-BAEE-B8DC3BD4D0EE}.Release|Any CPU.Build.0 = Release|Any CPU
	EndGlobalSection
	GlobalSection(SolutionProperties) = preSolution
		HideSolutionNode = FALSE
	EndGlobalSection
	GlobalSection(NestedProjects) = preSolution
		{DF6C9BEC-7CC6-4C71-B947-C51FE3D8543D} = {58969587-819F-4E9E-8DB1-2D33640F41E8}
		{556FFEE1-9098-4776-9CF1-709A938091D0} = {58969587-819F-4E9E-8DB1-2D33640F41E8}
		{89E94202-A5ED-4283-AB7E-339001086B33} = {58969587-819F-4E9E-8DB1-2D33640F41E8}
		{B10EB7ED-9177-4F73-8955-258C0309A5AB} = {CCBCFF65-D500-4956-BE0D-DD48280D5C22}
		{4D0D19AE-2155-48BF-A9F1-FBE62A37F74A} = {58969587-819F-4E9E-8DB1-2D33640F41E8}
		{0210C36D-A519-4B67-AEFE-178227127BB8} = {58969587-819F-4E9E-8DB1-2D33640F41E8}
		{72628F2B-13A6-4634-9655-43CACC777471} = {58969587-819F-4E9E-8DB1-2D33640F41E8}
		{D96E4380-B5CE-47D0-8054-AD78DD5B8126} = {58969587-819F-4E9E-8DB1-2D33640F41E8}
		{9975CCC4-A4EB-42CA-8F8F-B6A4918B4791} = {E55E3904-61F6-4EE6-BD77-052A75CA29AA}
		{32AAB00D-7A33-4274-A748-E21EA9F51F1C} = {58969587-819F-4E9E-8DB1-2D33640F41E8}
		{8915453F-F8DD-455C-9364-FB40A701585B} = {3F3A1D1E-71FF-4AC9-9B9D-96419D9FBE59}
		{4A352FB6-25B9-444C-A78E-D6ED6F2B9A11} = {E55E3904-61F6-4EE6-BD77-052A75CA29AA}
		{CCBCFF65-D500-4956-BE0D-DD48280D5C22} = {89E94202-A5ED-4283-AB7E-339001086B33}
		{77A312F5-B918-4086-BAEE-B8DC3BD4D0EE} = {CCBCFF65-D500-4956-BE0D-DD48280D5C22}
	EndGlobalSection
	GlobalSection(ExtensibilityGlobals) = postSolution
		SolutionGuid = {CE306704-0C52-4DAF-9D67-40268078156B}
	EndGlobalSection
EndGlobal
